Microsoft Visual Studio Solution File, Format Version 10.00
# Visual Studio 2008
Project("{8BC9CEB8-8B4A-11D0-8D11-00A0C91BC942}") = "CreateBoolMutant", "CreateBoolMutant\CreateBoolMutant.vcproj", "{43295A49-3A74-491A-B295-A0C00566BE9B}"
EndProject
Project("{8BC9CEB8-8B4A-11D0-8D11-00A0C91BC942}") = "GetBoolMFS", "GetBoolMfs\GetBoolMfs.vcproj", "{9FB51422-9022-449C-9E1E-9EC2B52BB337}"
EndProject
Project("{8BC9CEB8-8B4A-11D0-8D11-00A0C91BC942}") = "FaultHierarchyExper", "FaultHierarchyExper\FaultHierarchyExper.vcproj", "{D7274F36-2ECF-408B-ADA3-413639DDCCEC}"
	ProjectSection(ProjectDependencies) = postProject
		{ED5473F1-339D-4D8A-99EE-6DC8CB99EAEB} = {ED5473F1-339D-4D8A-99EE-6DC8CB99EAEB}
	EndProjectSection
EndProject
Project("{8BC9CEB8-8B4A-11D0-8D11-00A0C91BC942}") = "MutantCover", "MutantCover\MutantCover.vcproj", "{4FD7247D-B118-4CA9-AA32-497DAAD4EDDB}"
	ProjectSection(ProjectDependencies) = postProject
		{ED5473F1-339D-4D8A-99EE-6DC8CB99EAEB} = {ED5473F1-339D-4D8A-99EE-6DC8CB99EAEB}
	EndProjectSection
EndProject
Project("{8BC9CEB8-8B4A-11D0-8D11-00A0C91BC942}") = "SolutionBase", "SolutionBase\SolutionBase.vcproj", "{ED5473F1-339D-4D8A-99EE-6DC8CB99EAEB}"
EndProject
Project("{8BC9CEB8-8B4A-11D0-8D11-00A0C91BC942}") = "PrioritizeFaultType", "PrioritizeFaultType\PrioritizeFaultType.vcproj", "{A0502C4E-65CF-478F-BACE-4FCE21DF8582}"
	ProjectSection(ProjectDependencies) = postProject
		{ED5473F1-339D-4D8A-99EE-6DC8CB99EAEB} = {ED5473F1-339D-4D8A-99EE-6DC8CB99EAEB}
	EndProjectSection
EndProject
Project("{8BC9CEB8-8B4A-11D0-8D11-00A0C91BC942}") = "BoolCodeTransform", "BoolCodeTransform\BoolCodeTransform.vcproj", "{DF8A4DE4-1C22-4711-860D-FB524E0349FD}"
EndProject
Project("{8BC9CEB8-8B4A-11D0-8D11-00A0C91BC942}") = "RandExpressionGen", "RandExpressionGen\RandExpressionGen.vcproj", "{67E0DAC0-7BBE-4B98-A56E-88D809300E06}"
EndProject
Project("{8BC9CEB8-8B4A-11D0-8D11-00A0C91BC942}") = "CreateProgram_AllFailTests", "CreateProgram_AllFailTests\CreateProgram_AllFailTests.vcproj", "{A5AECD0C-CA5A-4037-BA4C-866AD21B21CF}"
EndProject
Global
	GlobalSection(SolutionConfigurationPlatforms) = preSolution
		Debug|Win32 = Debug|Win32
		Release|Win32 = Release|Win32
	EndGlobalSection
	GlobalSection(ProjectConfigurationPlatforms) = postSolution
		{43295A49-3A74-491A-B295-A0C00566BE9B}.Debug|Win32.ActiveCfg = Debug|Win32
		{43295A49-3A74-491A-B295-A0C00566BE9B}.Debug|Win32.Build.0 = Debug|Win32
		{43295A49-3A74-491A-B295-A0C00566BE9B}.Release|Win32.ActiveCfg = Release|Win32
		{43295A49-3A74-491A-B295-A0C00566BE9B}.Release|Win32.Build.0 = Release|Win32
		{9FB51422-9022-449C-9E1E-9EC2B52BB337}.Debug|Win32.ActiveCfg = Debug|Win32
		{9FB51422-9022-449C-9E1E-9EC2B52BB337}.Debug|Win32.Build.0 = Debug|Win32
		{9FB51422-9022-449C-9E1E-9EC2B52BB337}.Release|Win32.ActiveCfg = Release|Win32
		{9FB51422-9022-449C-9E1E-9EC2B52BB337}.Release|Win32.Build.0 = Release|Win32
		{D7274F36-2ECF-408B-ADA3-413639DDCCEC}.Debug|Win32.ActiveCfg = Debug|Win32
		{D7274F36-2ECF-408B-ADA3-413639DDCCEC}.Debug|Win32.Build.0 = Debug|Win32
		{D7274F36-2ECF-408B-ADA3-413639DDCCEC}.Release|Win32.ActiveCfg = Release|Win32
		{D7274F36-2ECF-408B-ADA3-413639DDCCEC}.Release|Win32.Build.0 = Release|Win32
		{4FD7247D-B118-4CA9-AA32-497DAAD4EDDB}.Debug|Win32.ActiveCfg = Debug|Win32
		{4FD7247D-B118-4CA9-AA32-497DAAD4EDDB}.Debug|Win32.Build.0 = Debug|Win32
		{4FD7247D-B118-4CA9-AA32-497DAAD4EDDB}.Release|Win32.ActiveCfg = Release|Win32
		{4FD7247D-B118-4CA9-AA32-497DAAD4EDDB}.Release|Win32.Build.0 = Release|Win32
		{ED5473F1-339D-4D8A-99EE-6DC8CB99EAEB}.Debug|Win32.ActiveCfg = Debug|Win32
		{ED5473F1-339D-4D8A-99EE-6DC8CB99EAEB}.Debug|Win32.Build.0 = Debug|Win32
		{ED5473F1-339D-4D8A-99EE-6DC8CB99EAEB}.Release|Win32.ActiveCfg = Release|Win32
		{ED5473F1-339D-4D8A-99EE-6DC8CB99EAEB}.Release|Win32.Build.0 = Release|Win32
		{A0502C4E-65CF-478F-BACE-4FCE21DF8582}.Debug|Win32.ActiveCfg = Debug|Win32
		{A0502C4E-65CF-478F-BACE-4FCE21DF8582}.Debug|Win32.Build.0 = Debug|Win32
		{A0502C4E-65CF-478F-BACE-4FCE21DF8582}.Release|Win32.ActiveCfg = Release|Win32
		{A0502C4E-65CF-478F-BACE-4FCE21DF8582}.Release|Win32.Build.0 = Release|Win32
		{DF8A4DE4-1C22-4711-860D-FB524E0349FD}.Debug|Win32.ActiveCfg = Debug|Win32
		{DF8A4DE4-1C22-4711-860D-FB524E0349FD}.Debug|Win32.Build.0 = Debug|Win32
		{DF8A4DE4-1C22-4711-860D-FB524E0349FD}.Release|Win32.ActiveCfg = Release|Win32
		{DF8A4DE4-1C22-4711-860D-FB524E0349FD}.Release|Win32.Build.0 = Release|Win32
		{67E0DAC0-7BBE-4B98-A56E-88D809300E06}.Debug|Win32.ActiveCfg = Debug|Win32
		{67E0DAC0-7BBE-4B98-A56E-88D809300E06}.Debug|Win32.Build.0 = Debug|Win32
		{67E0DAC0-7BBE-4B98-A56E-88D809300E06}.Release|Win32.ActiveCfg = Release|Win32
		{67E0DAC0-7BBE-4B98-A56E-88D809300E06}.Release|Win32.Build.0 = Release|Win32
		{A5AECD0C-CA5A-4037-BA4C-866AD21B21CF}.Debug|Win32.ActiveCfg = Debug|Win32
		{A5AECD0C-CA5A-4037-BA4C-866AD21B21CF}.Debug|Win32.Build.0 = Debug|Win32
		{A5AECD0C-CA5A-4037-BA4C-866AD21B21CF}.Release|Win32.ActiveCfg = Release|Win32
		{A5AECD0C-CA5A-4037-BA4C-866AD21B21CF}.Release|Win32.Build.0 = Release|Win32
	EndGlobalSection
	GlobalSection(SolutionProperties) = preSolution
		HideSolutionNode = FALSE
	EndGlobalSection
EndGlobal
